# This file is generated by running "yarn install" inside your project.
# Manual changes might be lost - proceed with caution!

__metadata:
  version: 8
  cacheKey: 10

"@firstassethr/node-http-to-fetch@workspace:.":
  version: 0.0.0-use.local
  resolution: "@firstassethr/node-http-to-fetch@workspace:."
  dependencies:
    "@mjackson/node-fetch-server": "npm:^0.6.1"
    "@types/node": "npm:^22.14.0"
    "@types/ws": "npm:^8.18.1"
    got: "npm:^14.4.7"
    prettier: "npm:^3.5.3"
    typescript: "npm:^5.8.3"
    ws: "npm:^8.18.1"
  languageName: unknown
  linkType: soft

"@mjackson/node-fetch-server@npm:^0.6.1":
  version: 0.6.1
  resolution: "@mjackson/node-fetch-server@npm:0.6.1"
  checksum: 10/86554a28a688d74c25e397f9c4352e0392e517c9ed9f2445cda2b1a1e52316d286503d1b1fe4e8713d1fa7858916fb92c8f354023cbf7aa583cf788df523b523
  languageName: node
  linkType: hard

"@sec-ant/readable-stream@npm:^0.4.1":
  version: 0.4.1
  resolution: "@sec-ant/readable-stream@npm:0.4.1"
  checksum: 10/aac89581652ac85debe7c5303451c2ebf8bf25ca25db680e4b9b73168f6940616d9a4bbe3348981827b1159b14e2f2e6af4b7bd5735cac898c12d5c51909c102
  languageName: node
  linkType: hard

"@sindresorhus/is@npm:^7.0.1":
  version: 7.0.1
  resolution: "@sindresorhus/is@npm:7.0.1"
  checksum: 10/d096d98268400c698633e620616b56dec822fd4fc55299caaf6c985e9242215c2c99f81da5701b783295c3019f6298a8299535eb9c2fcb69684fb9b5882aaedd
  languageName: node
  linkType: hard

"@szmarczak/http-timer@npm:^5.0.1":
  version: 5.0.1
  resolution: "@szmarczak/http-timer@npm:5.0.1"
  dependencies:
    defer-to-connect: "npm:^2.0.1"
  checksum: 10/fc9cb993e808806692e4a3337c90ece0ec00c89f4b67e3652a356b89730da98bc824273a6d67ca84d5f33cd85f317dcd5ce39d8cc0a2f060145a608a7cb8ce92
  languageName: node
  linkType: hard

"@types/http-cache-semantics@npm:^4.0.4":
  version: 4.0.4
  resolution: "@types/http-cache-semantics@npm:4.0.4"
  checksum: 10/a59566cff646025a5de396d6b3f44a39ab6a74f2ed8150692e0f31cc52f3661a68b04afe3166ebe0d566bd3259cb18522f46e949576d5204781cd6452b7fe0c5
  languageName: node
  linkType: hard

"@types/node@npm:*, @types/node@npm:^22.14.0":
  version: 22.14.0
  resolution: "@types/node@npm:22.14.0"
  dependencies:
    undici-types: "npm:~6.21.0"
  checksum: 10/d0669a8a37a18532c886ccfa51eb3fe1e46088deb4d3d27ebcd5d7d68bd6343ad1c7a3fcb85164780a57629359c33a6c917ecff748ea232bceac7692acc96537
  languageName: node
  linkType: hard

"@types/ws@npm:^8.18.1":
  version: 8.18.1
  resolution: "@types/ws@npm:8.18.1"
  dependencies:
    "@types/node": "npm:*"
  checksum: 10/1ce05e3174dcacf28dae0e9b854ef1c9a12da44c7ed73617ab6897c5cbe4fccbb155a20be5508ae9a7dde2f83bd80f5cf3baa386b934fc4b40889ec963e94f3a
  languageName: node
  linkType: hard

"cacheable-lookup@npm:^7.0.0":
  version: 7.0.0
  resolution: "cacheable-lookup@npm:7.0.0"
  checksum: 10/69ea78cd9f16ad38120372e71ba98b64acecd95bbcbcdad811f857dc192bad81ace021f8def012ce19178583db8d46afd1a00b3e8c88527e978e049edbc23252
  languageName: node
  linkType: hard

"cacheable-request@npm:^12.0.1":
  version: 12.0.1
  resolution: "cacheable-request@npm:12.0.1"
  dependencies:
    "@types/http-cache-semantics": "npm:^4.0.4"
    get-stream: "npm:^9.0.1"
    http-cache-semantics: "npm:^4.1.1"
    keyv: "npm:^4.5.4"
    mimic-response: "npm:^4.0.0"
    normalize-url: "npm:^8.0.1"
    responselike: "npm:^3.0.0"
  checksum: 10/91ca6f3cdcbec3309032b96ba8e94e9d3978ab2e9ee048d75b32acf8a0f06c4cd4739317a39ce621469130f838b06713c1333d35b212e87633c4812d7f18b17f
  languageName: node
  linkType: hard

"decompress-response@npm:^6.0.0":
  version: 6.0.0
  resolution: "decompress-response@npm:6.0.0"
  dependencies:
    mimic-response: "npm:^3.1.0"
  checksum: 10/d377cf47e02d805e283866c3f50d3d21578b779731e8c5072d6ce8c13cc31493db1c2f6784da9d1d5250822120cefa44f1deab112d5981015f2e17444b763812
  languageName: node
  linkType: hard

"defer-to-connect@npm:^2.0.1":
  version: 2.0.1
  resolution: "defer-to-connect@npm:2.0.1"
  checksum: 10/8a9b50d2f25446c0bfefb55a48e90afd58f85b21bcf78e9207cd7b804354f6409032a1705c2491686e202e64fc05f147aa5aa45f9aa82627563f045937f5791b
  languageName: node
  linkType: hard

"form-data-encoder@npm:^4.0.2":
  version: 4.0.2
  resolution: "form-data-encoder@npm:4.0.2"
  checksum: 10/71a00a1e954267f8b87d4301936dda7177cfe18714a92930c87ebc132acb8b19ed12e9b9f8ad47af52c1cc582fd45c1771f66f850a6d319147731160f6b9b3fa
  languageName: node
  linkType: hard

"get-stream@npm:^9.0.1":
  version: 9.0.1
  resolution: "get-stream@npm:9.0.1"
  dependencies:
    "@sec-ant/readable-stream": "npm:^0.4.1"
    is-stream: "npm:^4.0.1"
  checksum: 10/ce56e6db6bcd29ca9027b0546af035c3e93dcd154ca456b54c298901eb0e5b2ce799c5d727341a100c99e14c523f267f1205f46f153f7b75b1f4da6d98a21c5e
  languageName: node
  linkType: hard

"got@npm:^14.4.7":
  version: 14.4.7
  resolution: "got@npm:14.4.7"
  dependencies:
    "@sindresorhus/is": "npm:^7.0.1"
    "@szmarczak/http-timer": "npm:^5.0.1"
    cacheable-lookup: "npm:^7.0.0"
    cacheable-request: "npm:^12.0.1"
    decompress-response: "npm:^6.0.0"
    form-data-encoder: "npm:^4.0.2"
    http2-wrapper: "npm:^2.2.1"
    lowercase-keys: "npm:^3.0.0"
    p-cancelable: "npm:^4.0.1"
    responselike: "npm:^3.0.0"
    type-fest: "npm:^4.26.1"
  checksum: 10/6864aa8742a30c87ed036d5604482ba546405274295633bbcbc9aa91cbaf3d56b3ccbd58720ff1cdfbcf4dbfb6a551ba98efac9114da120ee0b47bb8f5e2102b
  languageName: node
  linkType: hard

"http-cache-semantics@npm:^4.1.1":
  version: 4.1.1
  resolution: "http-cache-semantics@npm:4.1.1"
  checksum: 10/362d5ed66b12ceb9c0a328fb31200b590ab1b02f4a254a697dc796850cc4385603e75f53ec59f768b2dad3bfa1464bd229f7de278d2899a0e3beffc634b6683f
  languageName: node
  linkType: hard

"http2-wrapper@npm:^2.2.1":
  version: 2.2.1
  resolution: "http2-wrapper@npm:2.2.1"
  dependencies:
    quick-lru: "npm:^5.1.1"
    resolve-alpn: "npm:^1.2.0"
  checksum: 10/e7a5ac6548318e83fc0399cd832cdff6bbf902b165d211cad47a56ee732922e0aa1107246dd884b12532a1c4649d27c4d44f2480911c65202e93c90bde8fa29d
  languageName: node
  linkType: hard

"is-stream@npm:^4.0.1":
  version: 4.0.1
  resolution: "is-stream@npm:4.0.1"
  checksum: 10/cbea3f1fc271b21ceb228819d0c12a0965a02b57f39423925f99530b4eb86935235f258f06310b67cd02b2d10b49e9a0998f5ececf110ab7d3760bae4055ad23
  languageName: node
  linkType: hard

"json-buffer@npm:3.0.1":
  version: 3.0.1
  resolution: "json-buffer@npm:3.0.1"
  checksum: 10/82876154521b7b68ba71c4f969b91572d1beabadd87bd3a6b236f85fbc7dc4695089191ed60bb59f9340993c51b33d479f45b6ba9f3548beb519705281c32c3c
  languageName: node
  linkType: hard

"keyv@npm:^4.5.4":
  version: 4.5.4
  resolution: "keyv@npm:4.5.4"
  dependencies:
    json-buffer: "npm:3.0.1"
  checksum: 10/167eb6ef64cc84b6fa0780ee50c9de456b422a1e18802209234f7c2cf7eae648c7741f32e50d7e24ccb22b24c13154070b01563d642755b156c357431a191e75
  languageName: node
  linkType: hard

"lowercase-keys@npm:^3.0.0":
  version: 3.0.0
  resolution: "lowercase-keys@npm:3.0.0"
  checksum: 10/67a3f81409af969bc0c4ca0e76cd7d16adb1e25aa1c197229587eaf8671275c8c067cd421795dbca4c81be0098e4c426a086a05e30de8a9c587b7a13c0c7ccc5
  languageName: node
  linkType: hard

"mimic-response@npm:^3.1.0":
  version: 3.1.0
  resolution: "mimic-response@npm:3.1.0"
  checksum: 10/7e719047612411fe071332a7498cf0448bbe43c485c0d780046c76633a771b223ff49bd00267be122cedebb897037fdb527df72335d0d0f74724604ca70b37ad
  languageName: node
  linkType: hard

"mimic-response@npm:^4.0.0":
  version: 4.0.0
  resolution: "mimic-response@npm:4.0.0"
  checksum: 10/33b804cc961efe206efdb1fca6a22540decdcfce6c14eb5c0c50e5ae9022267ab22ce8f5568b1f7247ba67500fe20d523d81e0e9f009b321ccd9d472e78d1850
  languageName: node
  linkType: hard

"normalize-url@npm:^8.0.1":
  version: 8.0.1
  resolution: "normalize-url@npm:8.0.1"
  checksum: 10/ae392037584fc5935b663ae4af475351930a1fc39e107956cfac44f42d5127eec2d77d9b7b12ded4696ca78103bafac5b6206a0ea8673c7bffecbe13544fcc5a
  languageName: node
  linkType: hard

"p-cancelable@npm:^4.0.1":
  version: 4.0.1
  resolution: "p-cancelable@npm:4.0.1"
  checksum: 10/64de7b0be4c8bacc006488e0e90aa66fbcceb4da4f6fb84584573145f015f9650fe6ac26470897b3e82a3b528f6c60ea276b84cc315e35c45e9f12dec062a295
  languageName: node
  linkType: hard

"prettier@npm:^3.5.3":
  version: 3.5.3
  resolution: "prettier@npm:3.5.3"
  bin:
    prettier: bin/prettier.cjs
  checksum: 10/7050c08f674d9e49fbd9a4c008291d0715471f64e94cc5e4b01729affce221dfc6875c8de7e66b728c64abc9352eefb7eaae071b5f79d30081be207b53774b78
  languageName: node
  linkType: hard

"quick-lru@npm:^5.1.1":
  version: 5.1.1
  resolution: "quick-lru@npm:5.1.1"
  checksum: 10/a516faa25574be7947969883e6068dbe4aa19e8ef8e8e0fd96cddd6d36485e9106d85c0041a27153286b0770b381328f4072aa40d3b18a19f5f7d2b78b94b5ed
  languageName: node
  linkType: hard

"resolve-alpn@npm:^1.2.0":
  version: 1.2.1
  resolution: "resolve-alpn@npm:1.2.1"
  checksum: 10/744e87888f0b6fa0b256ab454ca0b9c0b80808715e2ef1f3672773665c92a941f6181194e30ccae4a8cd0adbe0d955d3f133102636d2ee0cca0119fec0bc9aec
  languageName: node
  linkType: hard

"responselike@npm:^3.0.0":
  version: 3.0.0
  resolution: "responselike@npm:3.0.0"
  dependencies:
    lowercase-keys: "npm:^3.0.0"
  checksum: 10/e0cc9be30df4f415d6d83cdede3c5c887cd4a73e7cc1708bcaab1d50a28d15acb68460ac5b02bcc55a42f3d493729c8856427dcf6e57e6e128ad05cba4cfb95e
  languageName: node
  linkType: hard

"type-fest@npm:^4.26.1":
  version: 4.39.1
  resolution: "type-fest@npm:4.39.1"
  checksum: 10/8f3fc947cb072effd9ba240425397b4d3c08901b344409bc12a0aabf43fd309f87fa214d7ee0b600f6e2335b435f40992cd22c0ce4bc7ab8dc5a987200f83bcc
  languageName: node
  linkType: hard

"typescript@npm:^5.8.3":
  version: 5.8.3
  resolution: "typescript@npm:5.8.3"
  bin:
    tsc: bin/tsc
    tsserver: bin/tsserver
  checksum: 10/65c40944c51b513b0172c6710ee62e951b70af6f75d5a5da745cb7fab132c09ae27ffdf7838996e3ed603bb015dadd099006658046941bd0ba30340cc563ae92
  languageName: node
  linkType: hard

"typescript@patch:typescript@npm%3A^5.8.3#optional!builtin<compat/typescript>":
  version: 5.8.3
  resolution: "typescript@patch:typescript@npm%3A5.8.3#optional!builtin<compat/typescript>::version=5.8.3&hash=5786d5"
  bin:
    tsc: bin/tsc
    tsserver: bin/tsserver
  checksum: 10/b9b1e73dabac5dc730c041325dbd9c99467c1b0d239f1b74ec3b90d831384af3e2ba973946232df670519147eb51a2c20f6f96163cea2b359f03de1e2091cc4f
  languageName: node
  linkType: hard

"undici-types@npm:~6.21.0":
  version: 6.21.0
  resolution: "undici-types@npm:6.21.0"
  checksum: 10/ec8f41aa4359d50f9b59fa61fe3efce3477cc681908c8f84354d8567bb3701fafdddf36ef6bff307024d3feb42c837cf6f670314ba37fc8145e219560e473d14
  languageName: node
  linkType: hard

"ws@npm:^8.18.1":
  version: 8.18.1
  resolution: "ws@npm:8.18.1"
  peerDependencies:
    bufferutil: ^4.0.1
    utf-8-validate: ">=5.0.2"
  peerDependenciesMeta:
    bufferutil:
      optional: true
    utf-8-validate:
      optional: true
  checksum: 10/3f38e9594f2af5b6324138e86b74df7d77bbb8e310bf8188679dd80bac0d1f47e51536a1923ac3365f31f3d8b25ea0b03e4ade466aa8292a86cd5defca64b19b
  languageName: node
  linkType: hard
