# This file is generated by running "yarn install" inside your project.
# Manual changes might be lost - proceed with caution!

__metadata:
  version: 8
  cacheKey: 10

"@firstassethr/node-http-to-fetch@workspace:.":
  version: 0.0.0-use.local
  resolution: "@firstassethr/node-http-to-fetch@workspace:."
  dependencies:
    "@types/node": "npm:^22.10.5"
    "@types/ws": "npm:^8.5.13"
    got: "npm:^14.4.5"
    prettier: "npm:^3.4.2"
    typescript: "npm:^5.7.3"
    ws: "npm:^8.18.0"
  languageName: unknown
  linkType: soft

"@sec-ant/readable-stream@npm:^0.4.1":
  version: 0.4.1
  resolution: "@sec-ant/readable-stream@npm:0.4.1"
  checksum: 10/aac89581652ac85debe7c5303451c2ebf8bf25ca25db680e4b9b73168f6940616d9a4bbe3348981827b1159b14e2f2e6af4b7bd5735cac898c12d5c51909c102
  languageName: node
  linkType: hard

"@sindresorhus/is@npm:^7.0.1":
  version: 7.0.1
  resolution: "@sindresorhus/is@npm:7.0.1"
  checksum: 10/d096d98268400c698633e620616b56dec822fd4fc55299caaf6c985e9242215c2c99f81da5701b783295c3019f6298a8299535eb9c2fcb69684fb9b5882aaedd
  languageName: node
  linkType: hard

"@szmarczak/http-timer@npm:^5.0.1":
  version: 5.0.1
  resolution: "@szmarczak/http-timer@npm:5.0.1"
  dependencies:
    defer-to-connect: "npm:^2.0.1"
  checksum: 10/fc9cb993e808806692e4a3337c90ece0ec00c89f4b67e3652a356b89730da98bc824273a6d67ca84d5f33cd85f317dcd5ce39d8cc0a2f060145a608a7cb8ce92
  languageName: node
  linkType: hard

"@types/http-cache-semantics@npm:^4.0.4":
  version: 4.0.4
  resolution: "@types/http-cache-semantics@npm:4.0.4"
  checksum: 10/a59566cff646025a5de396d6b3f44a39ab6a74f2ed8150692e0f31cc52f3661a68b04afe3166ebe0d566bd3259cb18522f46e949576d5204781cd6452b7fe0c5
  languageName: node
  linkType: hard

"@types/node@npm:*, @types/node@npm:^22.10.5":
  version: 22.10.5
  resolution: "@types/node@npm:22.10.5"
  dependencies:
    undici-types: "npm:~6.20.0"
  checksum: 10/a5366961ffa9921e8f15435bc18ea9f8b7a7bb6b3d92dd5e93ebcd25e8af65708872bd8e6fee274b4655bab9ca80fbff9f0e42b5b53857790f13cf68cf4cbbfc
  languageName: node
  linkType: hard

"@types/ws@npm:^8.5.13":
  version: 8.5.13
  resolution: "@types/ws@npm:8.5.13"
  dependencies:
    "@types/node": "npm:*"
  checksum: 10/21369beafa75c91ae3b00d3a2671c7408fceae1d492ca2abd5ac7c8c8bf4596d513c1599ebbddeae82c27c4a2d248976d0d714c4b3d34362b2ae35b964e2e637
  languageName: node
  linkType: hard

"cacheable-lookup@npm:^7.0.0":
  version: 7.0.0
  resolution: "cacheable-lookup@npm:7.0.0"
  checksum: 10/69ea78cd9f16ad38120372e71ba98b64acecd95bbcbcdad811f857dc192bad81ace021f8def012ce19178583db8d46afd1a00b3e8c88527e978e049edbc23252
  languageName: node
  linkType: hard

"cacheable-request@npm:^12.0.1":
  version: 12.0.1
  resolution: "cacheable-request@npm:12.0.1"
  dependencies:
    "@types/http-cache-semantics": "npm:^4.0.4"
    get-stream: "npm:^9.0.1"
    http-cache-semantics: "npm:^4.1.1"
    keyv: "npm:^4.5.4"
    mimic-response: "npm:^4.0.0"
    normalize-url: "npm:^8.0.1"
    responselike: "npm:^3.0.0"
  checksum: 10/91ca6f3cdcbec3309032b96ba8e94e9d3978ab2e9ee048d75b32acf8a0f06c4cd4739317a39ce621469130f838b06713c1333d35b212e87633c4812d7f18b17f
  languageName: node
  linkType: hard

"decompress-response@npm:^6.0.0":
  version: 6.0.0
  resolution: "decompress-response@npm:6.0.0"
  dependencies:
    mimic-response: "npm:^3.1.0"
  checksum: 10/d377cf47e02d805e283866c3f50d3d21578b779731e8c5072d6ce8c13cc31493db1c2f6784da9d1d5250822120cefa44f1deab112d5981015f2e17444b763812
  languageName: node
  linkType: hard

"defer-to-connect@npm:^2.0.1":
  version: 2.0.1
  resolution: "defer-to-connect@npm:2.0.1"
  checksum: 10/8a9b50d2f25446c0bfefb55a48e90afd58f85b21bcf78e9207cd7b804354f6409032a1705c2491686e202e64fc05f147aa5aa45f9aa82627563f045937f5791b
  languageName: node
  linkType: hard

"form-data-encoder@npm:^4.0.2":
  version: 4.0.2
  resolution: "form-data-encoder@npm:4.0.2"
  checksum: 10/71a00a1e954267f8b87d4301936dda7177cfe18714a92930c87ebc132acb8b19ed12e9b9f8ad47af52c1cc582fd45c1771f66f850a6d319147731160f6b9b3fa
  languageName: node
  linkType: hard

"get-stream@npm:^9.0.1":
  version: 9.0.1
  resolution: "get-stream@npm:9.0.1"
  dependencies:
    "@sec-ant/readable-stream": "npm:^0.4.1"
    is-stream: "npm:^4.0.1"
  checksum: 10/ce56e6db6bcd29ca9027b0546af035c3e93dcd154ca456b54c298901eb0e5b2ce799c5d727341a100c99e14c523f267f1205f46f153f7b75b1f4da6d98a21c5e
  languageName: node
  linkType: hard

"got@npm:^14.4.5":
  version: 14.4.5
  resolution: "got@npm:14.4.5"
  dependencies:
    "@sindresorhus/is": "npm:^7.0.1"
    "@szmarczak/http-timer": "npm:^5.0.1"
    cacheable-lookup: "npm:^7.0.0"
    cacheable-request: "npm:^12.0.1"
    decompress-response: "npm:^6.0.0"
    form-data-encoder: "npm:^4.0.2"
    http2-wrapper: "npm:^2.2.1"
    lowercase-keys: "npm:^3.0.0"
    p-cancelable: "npm:^4.0.1"
    responselike: "npm:^3.0.0"
    type-fest: "npm:^4.26.1"
  checksum: 10/8570a7e495d5fe5989e4729dc2bd29ec76b90c95412e53efb1835820f8116635192f11cab80b75c99ec6ece453d0f18d50d06a87baddaa22dd9214041c2ed2af
  languageName: node
  linkType: hard

"http-cache-semantics@npm:^4.1.1":
  version: 4.1.1
  resolution: "http-cache-semantics@npm:4.1.1"
  checksum: 10/362d5ed66b12ceb9c0a328fb31200b590ab1b02f4a254a697dc796850cc4385603e75f53ec59f768b2dad3bfa1464bd229f7de278d2899a0e3beffc634b6683f
  languageName: node
  linkType: hard

"http2-wrapper@npm:^2.2.1":
  version: 2.2.1
  resolution: "http2-wrapper@npm:2.2.1"
  dependencies:
    quick-lru: "npm:^5.1.1"
    resolve-alpn: "npm:^1.2.0"
  checksum: 10/e7a5ac6548318e83fc0399cd832cdff6bbf902b165d211cad47a56ee732922e0aa1107246dd884b12532a1c4649d27c4d44f2480911c65202e93c90bde8fa29d
  languageName: node
  linkType: hard

"is-stream@npm:^4.0.1":
  version: 4.0.1
  resolution: "is-stream@npm:4.0.1"
  checksum: 10/cbea3f1fc271b21ceb228819d0c12a0965a02b57f39423925f99530b4eb86935235f258f06310b67cd02b2d10b49e9a0998f5ececf110ab7d3760bae4055ad23
  languageName: node
  linkType: hard

"json-buffer@npm:3.0.1":
  version: 3.0.1
  resolution: "json-buffer@npm:3.0.1"
  checksum: 10/82876154521b7b68ba71c4f969b91572d1beabadd87bd3a6b236f85fbc7dc4695089191ed60bb59f9340993c51b33d479f45b6ba9f3548beb519705281c32c3c
  languageName: node
  linkType: hard

"keyv@npm:^4.5.4":
  version: 4.5.4
  resolution: "keyv@npm:4.5.4"
  dependencies:
    json-buffer: "npm:3.0.1"
  checksum: 10/167eb6ef64cc84b6fa0780ee50c9de456b422a1e18802209234f7c2cf7eae648c7741f32e50d7e24ccb22b24c13154070b01563d642755b156c357431a191e75
  languageName: node
  linkType: hard

"lowercase-keys@npm:^3.0.0":
  version: 3.0.0
  resolution: "lowercase-keys@npm:3.0.0"
  checksum: 10/67a3f81409af969bc0c4ca0e76cd7d16adb1e25aa1c197229587eaf8671275c8c067cd421795dbca4c81be0098e4c426a086a05e30de8a9c587b7a13c0c7ccc5
  languageName: node
  linkType: hard

"mimic-response@npm:^3.1.0":
  version: 3.1.0
  resolution: "mimic-response@npm:3.1.0"
  checksum: 10/7e719047612411fe071332a7498cf0448bbe43c485c0d780046c76633a771b223ff49bd00267be122cedebb897037fdb527df72335d0d0f74724604ca70b37ad
  languageName: node
  linkType: hard

"mimic-response@npm:^4.0.0":
  version: 4.0.0
  resolution: "mimic-response@npm:4.0.0"
  checksum: 10/33b804cc961efe206efdb1fca6a22540decdcfce6c14eb5c0c50e5ae9022267ab22ce8f5568b1f7247ba67500fe20d523d81e0e9f009b321ccd9d472e78d1850
  languageName: node
  linkType: hard

"normalize-url@npm:^8.0.1":
  version: 8.0.1
  resolution: "normalize-url@npm:8.0.1"
  checksum: 10/ae392037584fc5935b663ae4af475351930a1fc39e107956cfac44f42d5127eec2d77d9b7b12ded4696ca78103bafac5b6206a0ea8673c7bffecbe13544fcc5a
  languageName: node
  linkType: hard

"p-cancelable@npm:^4.0.1":
  version: 4.0.1
  resolution: "p-cancelable@npm:4.0.1"
  checksum: 10/64de7b0be4c8bacc006488e0e90aa66fbcceb4da4f6fb84584573145f015f9650fe6ac26470897b3e82a3b528f6c60ea276b84cc315e35c45e9f12dec062a295
  languageName: node
  linkType: hard

"prettier@npm:^3.4.2":
  version: 3.4.2
  resolution: "prettier@npm:3.4.2"
  bin:
    prettier: bin/prettier.cjs
  checksum: 10/a3e806fb0b635818964d472d35d27e21a4e17150c679047f5501e1f23bd4aa806adf660f0c0d35214a210d5d440da6896c2e86156da55f221a57938278dc326e
  languageName: node
  linkType: hard

"quick-lru@npm:^5.1.1":
  version: 5.1.1
  resolution: "quick-lru@npm:5.1.1"
  checksum: 10/a516faa25574be7947969883e6068dbe4aa19e8ef8e8e0fd96cddd6d36485e9106d85c0041a27153286b0770b381328f4072aa40d3b18a19f5f7d2b78b94b5ed
  languageName: node
  linkType: hard

"resolve-alpn@npm:^1.2.0":
  version: 1.2.1
  resolution: "resolve-alpn@npm:1.2.1"
  checksum: 10/744e87888f0b6fa0b256ab454ca0b9c0b80808715e2ef1f3672773665c92a941f6181194e30ccae4a8cd0adbe0d955d3f133102636d2ee0cca0119fec0bc9aec
  languageName: node
  linkType: hard

"responselike@npm:^3.0.0":
  version: 3.0.0
  resolution: "responselike@npm:3.0.0"
  dependencies:
    lowercase-keys: "npm:^3.0.0"
  checksum: 10/e0cc9be30df4f415d6d83cdede3c5c887cd4a73e7cc1708bcaab1d50a28d15acb68460ac5b02bcc55a42f3d493729c8856427dcf6e57e6e128ad05cba4cfb95e
  languageName: node
  linkType: hard

"type-fest@npm:^4.26.1":
  version: 4.31.0
  resolution: "type-fest@npm:4.31.0"
  checksum: 10/e7e849845bf33e1237c3ff0d5ed00a251a807e3321ffe75278dd56a7d3c385badfe09180057c2d0b93cf7429432b8e7061b6ccf4cc468720d8f69073d2b1bed2
  languageName: node
  linkType: hard

"typescript@npm:^5.7.3":
  version: 5.7.3
  resolution: "typescript@npm:5.7.3"
  bin:
    tsc: bin/tsc
    tsserver: bin/tsserver
  checksum: 10/6a7e556de91db3d34dc51cd2600e8e91f4c312acd8e52792f243c7818dfadb27bae677175fad6947f9c81efb6c57eb6b2d0c736f196a6ee2f1f7d57b74fc92fa
  languageName: node
  linkType: hard

"typescript@patch:typescript@npm%3A^5.7.3#optional!builtin<compat/typescript>":
  version: 5.7.3
  resolution: "typescript@patch:typescript@npm%3A5.7.3#optional!builtin<compat/typescript>::version=5.7.3&hash=5786d5"
  bin:
    tsc: bin/tsc
    tsserver: bin/tsserver
  checksum: 10/dc58d777eb4c01973f7fbf1fd808aad49a0efdf545528dab9b07d94fdcb65b8751742804c3057e9619a4627f2d9cc85547fdd49d9f4326992ad0181b49e61d81
  languageName: node
  linkType: hard

"undici-types@npm:~6.20.0":
  version: 6.20.0
  resolution: "undici-types@npm:6.20.0"
  checksum: 10/583ac7bbf4ff69931d3985f4762cde2690bb607844c16a5e2fbb92ed312fe4fa1b365e953032d469fa28ba8b224e88a595f0b10a449332f83fa77c695e567dbe
  languageName: node
  linkType: hard

"ws@npm:^8.18.0":
  version: 8.18.0
  resolution: "ws@npm:8.18.0"
  peerDependencies:
    bufferutil: ^4.0.1
    utf-8-validate: ">=5.0.2"
  peerDependenciesMeta:
    bufferutil:
      optional: true
    utf-8-validate:
      optional: true
  checksum: 10/70dfe53f23ff4368d46e4c0b1d4ca734db2c4149c6f68bc62cb16fc21f753c47b35fcc6e582f3bdfba0eaeb1c488cddab3c2255755a5c3eecb251431e42b3ff6
  languageName: node
  linkType: hard
